
Microsoft Visual Studio Solution File, Format Version 12.00
Project("{FAE04EC0-301F-11D3-BF4B-00C04F79EFBC}") = "ArbitR", "ArbitR\ArbitR.csproj", "{976773B0-C403-40D7-8E1E-293D181EC33B}"
EndProject
Project("{FAE04EC0-301F-11D3-BF4B-00C04F79EFBC}") = "ArbitR.Tester", "ArbitR.Tester\ArbitR.Tester.csproj", "{974BF11B-8809-4AF6-8258-5829AB4C8A44}"
EndProject
Global
	GlobalSection(SolutionConfigurationPlatforms) = preSolution
		Debug|Any CPU = Debug|Any CPU
		Release|Any CPU = Release|Any CPU
	EndGlobalSection
	GlobalSection(ProjectConfigurationPlatforms) = postSolution
		{976773B0-C403-40D7-8E1E-293D181EC33B}.Debug|Any CPU.ActiveCfg = Debug|Any CPU
		{976773B0-C403-40D7-8E1E-293D181EC33B}.Debug|Any CPU.Build.0 = Debug|Any CPU
		{976773B0-C403-40D7-8E1E-293D181EC33B}.Release|Any CPU.ActiveCfg = Release|Any CPU
		{976773B0-C403-40D7-8E1E-293D181EC33B}.Release|Any CPU.Build.0 = Release|Any CPU
		{974BF11B-8809-4AF6-8258-5829AB4C8A44}.Debug|Any CPU.ActiveCfg = Debug|Any CPU
		{974BF11B-8809-4AF6-8258-5829AB4C8A44}.Debug|Any CPU.Build.0 = Debug|Any CPU
		{974BF11B-8809-4AF6-8258-5829AB4C8A44}.Release|Any CPU.ActiveCfg = Release|Any CPU
		{974BF11B-8809-4AF6-8258-5829AB4C8A44}.Release|Any CPU.Build.0 = Release|Any CPU
	EndGlobalSection
EndGlobal
